{
    "_meta": {
        "hash": {
            "sha256": "a995e42dd8190bdb627bb8ec262eafe9e8d91015f72bfa7b783b33e059eb6ab4"
        },
        "pipfile-spec": 6,
        "requires": {
            "python_version": "3.8"
        },
        "sources": [
            {
                "name": "pypi",
                "url": "https://pypi.org/simple",
                "verify_ssl": true
            }
        ]
    },
    "default": {
        "wheel": {
            "hashes": [
                "sha256:8788e9155fe14f54164c1b9eb0a319d98ef02c160725587ad60f14ddc57b6f96",
                "sha256:df277cb51e61359aba502208d680f90c0493adec6f0e848af94948778aed386e"
            ],
            "index": "pypi",
            "version": "==0.34.2"
        }
    },
    "develop": {}
}
